
Microsoft Visual Studio Solution File, Format Version 12.00
# Visual Studio Version 16
VisualStudioVersion = 16.0.32228.343
MinimumVisualStudioVersion = 10.0.40219.1
Project("{FAE04EC0-301F-11D3-BF4B-00C04F79EFBC}") = "wApp", "wApp.csproj", "{4F63EBE0-DAD5-4838-8B73-A06B3327F2A6}"
EndProject
Global
	GlobalSection(SolutionConfigurationPlatforms) = preSolution
		Debug|Any CPU = Debug|Any CPU
		Release|Any CPU = Release|Any CPU
	EndGlobalSection
	GlobalSection(ProjectConfigurationPlatforms) = postSolution
		{4F63EBE0-DAD5-4838-8B73-A06B3327F2A6}.Debug|Any CPU.ActiveCfg = Debug|Any CPU
		{4F63EBE0-DAD5-4838-8B73-A06B3327F2A6}.Debug|Any CPU.Build.0 = Debug|Any CPU
		{4F63EBE0-DAD5-4838-8B73-A06B3327F2A6}.Release|Any CPU.ActiveCfg = Release|Any CPU
		{4F63EBE0-DAD5-4838-8B73-A06B3327F2A6}.Release|Any CPU.Build.0 = Release|Any CPU
	EndGlobalSection
	GlobalSection(SolutionProperties) = preSolution
		HideSolutionNode = FALSE
	EndGlobalSection
	GlobalSection(ExtensibilityGlobals) = postSolution
		SolutionGuid = {E56C37AA-9169-4E26-8C3C-646B35461CF7}
	EndGlobalSection
EndGlobal
