
Microsoft Visual Studio Solution File, Format Version 12.00
# Visual Studio Version 16
VisualStudioVersion = 16.0.32228.343
MinimumVisualStudioVersion = 10.0.40219.1
Project("{FAE04EC0-301F-11D3-BF4B-00C04F79EFBC}") = "cApp", "cApp.csproj", "{0E64285D-75E9-4885-AB80-98BF1CB664BC}"
EndProject
Global
	GlobalSection(SolutionConfigurationPlatforms) = preSolution
		Debug|Any CPU = Debug|Any CPU
		Release|Any CPU = Release|Any CPU
	EndGlobalSection
	GlobalSection(ProjectConfigurationPlatforms) = postSolution
		{0E64285D-75E9-4885-AB80-98BF1CB664BC}.Debug|Any CPU.ActiveCfg = Debug|Any CPU
		{0E64285D-75E9-4885-AB80-98BF1CB664BC}.Debug|Any CPU.Build.0 = Debug|Any CPU
		{0E64285D-75E9-4885-AB80-98BF1CB664BC}.Release|Any CPU.ActiveCfg = Release|Any CPU
		{0E64285D-75E9-4885-AB80-98BF1CB664BC}.Release|Any CPU.Build.0 = Release|Any CPU
	EndGlobalSection
	GlobalSection(SolutionProperties) = preSolution
		HideSolutionNode = FALSE
	EndGlobalSection
	GlobalSection(ExtensibilityGlobals) = postSolution
		SolutionGuid = {2A5EF6D4-CACA-478C-A1F4-8E0E4FBB8AD8}
	EndGlobalSection
EndGlobal
